
Microsoft Visual Studio Solution File, Format Version 12.00
# Visual Studio Version 17
VisualStudioVersion = 17.7.34031.279
MinimumVisualStudioVersion = 10.0.40219.1
Project("{9A19103F-16F7-4668-BE54-9A1E7A4F7556}") = "semana5_3", "semana5_3.csproj", "{B05ACB86-78F5-4790-AAB2-C6587BC339D6}"
EndProject
Project("{9A19103F-16F7-4668-BE54-9A1E7A4F7556}") = "semana4", "..\semana4_VS\semana4\semana4.csproj", "{F70D8D5E-2E83-4B83-BAE7-4B28B90FAA83}"
EndProject
Global
	GlobalSection(SolutionConfigurationPlatforms) = preSolution
		Debug|Any CPU = Debug|Any CPU
		Release|Any CPU = Release|Any CPU
	EndGlobalSection
	GlobalSection(ProjectConfigurationPlatforms) = postSolution
		{B05ACB86-78F5-4790-AAB2-C6587BC339D6}.Debug|Any CPU.ActiveCfg = Debug|Any CPU
		{B05ACB86-78F5-4790-AAB2-C6587BC339D6}.Debug|Any CPU.Build.0 = Debug|Any CPU
		{B05ACB86-78F5-4790-AAB2-C6587BC339D6}.Release|Any CPU.ActiveCfg = Release|Any CPU
		{B05ACB86-78F5-4790-AAB2-C6587BC339D6}.Release|Any CPU.Build.0 = Release|Any CPU
		{F70D8D5E-2E83-4B83-BAE7-4B28B90FAA83}.Debug|Any CPU.ActiveCfg = Debug|Any CPU
		{F70D8D5E-2E83-4B83-BAE7-4B28B90FAA83}.Debug|Any CPU.Build.0 = Debug|Any CPU
		{F70D8D5E-2E83-4B83-BAE7-4B28B90FAA83}.Release|Any CPU.ActiveCfg = Release|Any CPU
		{F70D8D5E-2E83-4B83-BAE7-4B28B90FAA83}.Release|Any CPU.Build.0 = Release|Any CPU
	EndGlobalSection
	GlobalSection(SolutionProperties) = preSolution
		HideSolutionNode = FALSE
	EndGlobalSection
	GlobalSection(ExtensibilityGlobals) = postSolution
		SolutionGuid = {811D0536-01E6-477D-BF36-B0CCE2CF52D3}
	EndGlobalSection
EndGlobal
